{
  "lockfileVersion": 1,
  "configVersion": 1,
  "workspaces": {
    "": {
      "dependencies": {
        "@preline/collapse": "^3.2.3",
        "@tweenjs/tween.js": "^25.0.0",
      },
    },
  },
  "packages": {
    "@preline/collapse": ["@preline/collapse@3.2.3", "", {}, "sha512-9h3idfw3+8TJB4Apc2kki+DIunq2gahmwLJkmRmK6r2Z3ONkraKAvKR8ZeyxmHsjucebfcKIQwec3nqlsu86nQ=="],

    "@tweenjs/tween.js": ["@tweenjs/tween.js@25.0.0", "", {}, "sha512-XKLA6syeBUaPzx4j3qwMqzzq+V4uo72BnlbOjmuljLrRqdsd3qnzvZZoxvMHZ23ndsRS4aufU6JOZYpCbU6T1A=="],
  }
}
